{
  "name": "Recordum",
  "version": "0.1.0",
  "lockfileVersion": 1,
  "requires": true,
  "dependencies": {
    "acyort-archives": {
      "version": "1.0.4",
      "resolved": "https://registry.npmjs.org/acyort-archives/-/acyort-archives-1.0.4.tgz",
      "integrity": "sha512-kCMrRWvjdTWLfHmiG1WpxfwCO5ITUPx6737eRN2QwYQtPRzX2n7wC7CSgDnCgaJuavqEGqqayh/Go6X1LVwaoQ==",
      "requires": {
        "acyort-pagination": "0.1.2"
      }
    },
    "acyort-pagination": {
      "version": "0.1.2",
      "resolved": "https://registry.npmjs.org/acyort-pagination/-/acyort-pagination-0.1.2.tgz",
      "integrity": "sha512-kZMcGwZ/YNq20JC7oyGFA49yBOgxuSHgxXj2RrjbrRMMIBKwTKESSN/zeUVVYOz2JwCb7rlQ7CZhMcTB45zSrA=="
    },
    "acyort-paginator": {
      "version": "0.1.3",
      "resolved": "https://registry.npmjs.org/acyort-paginator/-/acyort-paginator-0.1.3.tgz",
      "integrity": "sha512-AWSXWDvZgAqD/d0n6DFe0nbGbcwX0Np1zrm6t6LrgcMgHVI+l2ou12Zqvv/BT6miJcXnxEZHaj0DAc2EPeAGDg=="
    },
    "acyort-rss": {
      "version": "0.1.4",
      "resolved": "https://registry.npmjs.org/acyort-rss/-/acyort-rss-0.1.4.tgz",
      "integrity": "sha512-SaJ4P+RiPp+uiKeKutXyY8wRGCk70DdPDf4VTrlmz+4qhlbqV/hdgziAx1nm5jsfglGG/wlUtdtoRBSrWCUwKQ==",
      "requires": {
        "rss": "1.2.2"
      }
    },
    "mime-db": {
      "version": "1.25.0",
      "resolved": "https://registry.npmjs.org/mime-db/-/mime-db-1.25.0.tgz",
      "integrity": "sha1-wY29fHOl2/b0SgJNwNFloeexw5I="
    },
    "mime-types": {
      "version": "2.1.13",
      "resolved": "https://registry.npmjs.org/mime-types/-/mime-types-2.1.13.tgz",
      "integrity": "sha1-4HqqnGxrmnyjASxpADrSWjnpKog=",
      "requires": {
        "mime-db": "1.25.0"
      }
    },
    "rss": {
      "version": "1.2.2",
      "resolved": "https://registry.npmjs.org/rss/-/rss-1.2.2.tgz",
      "integrity": "sha1-UKFpiHYTgTOnT5oF0r3I240nqSE=",
      "requires": {
        "mime-types": "2.1.13",
        "xml": "1.0.1"
      }
    },
    "xml": {
      "version": "1.0.1",
      "resolved": "https://registry.npmjs.org/xml/-/xml-1.0.1.tgz",
      "integrity": "sha1-eLpyAgApxbyHuKgaPPzXS0ovweU="
    }
  }
}
